
Microsoft Visual Studio Solution File, Format Version 12.00
# Visual Studio Express 2012 for Windows Desktop
Project("{8BC9CEB8-8B4A-11D0-8D11-00A0C91BC942}") = "Color", "Color\Color.vcxproj", "{CFB870EF-CF84-4BB9-B96B-E39705210A4D}"
EndProject
Project("{8BC9CEB8-8B4A-11D0-8D11-00A0C91BC942}") = "DepthAndPlayer", "DepthAndPlayer\DepthAndPlayer.vcxproj", "{4DF17030-2477-4B5C-A813-32B40A1FD87A}"
EndProject
Project("{8BC9CEB8-8B4A-11D0-8D11-00A0C91BC942}") = "Skeleton", "Skeleton\Skeleton.vcxproj", "{8EB2D864-411D-4195-AC67-949D7CD8FC4E}"
EndProject
Project("{8BC9CEB8-8B4A-11D0-8D11-00A0C91BC942}") = "SpeechRecongnition", "SpeechRecongnition\SpeechRecongnition.vcxproj", "{4CFA923E-6BAB-490F-AEF0-98D4609045F8}"
EndProject
Project("{8BC9CEB8-8B4A-11D0-8D11-00A0C91BC942}") = "FaceTracking", "FaceTracking\FaceTracking.vcxproj", "{72EE56A6-02F9-40C5-B63F-A72635518F32}"
EndProject
Project("{8BC9CEB8-8B4A-11D0-8D11-00A0C91BC942}") = "KinectInteraction", "KinectInteraction\KinectInteraction.vcxproj", "{7E2AC7E9-A579-4E40-9EA3-40BD9EF79B96}"
EndProject
Project("{8BC9CEB8-8B4A-11D0-8D11-00A0C91BC942}") = "BackgroundRemoval", "BackgroundRemoval\BackgroundRemoval.vcxproj", "{C3B0B0C2-CF46-4876-B29E-CCF91DB3BEAE}"
EndProject
Project("{8BC9CEB8-8B4A-11D0-8D11-00A0C91BC942}") = "KinectFusion", "KinectFusion\KinectFusion.vcxproj", "{2D5342EC-2A6D-43B3-B048-4BD61F8D4E57}"
EndProject
Global
	GlobalSection(SolutionConfigurationPlatforms) = preSolution
		Debug|Mixed Platforms = Debug|Mixed Platforms
		Debug|Win32 = Debug|Win32
		Debug|x64 = Debug|x64
		Release|Mixed Platforms = Release|Mixed Platforms
		Release|Win32 = Release|Win32
		Release|x64 = Release|x64
	EndGlobalSection
	GlobalSection(ProjectConfigurationPlatforms) = postSolution
		{CFB870EF-CF84-4BB9-B96B-E39705210A4D}.Debug|Mixed Platforms.ActiveCfg = Debug|Win32
		{CFB870EF-CF84-4BB9-B96B-E39705210A4D}.Debug|Mixed Platforms.Build.0 = Debug|Win32
		{CFB870EF-CF84-4BB9-B96B-E39705210A4D}.Debug|Win32.ActiveCfg = Debug|Win32
		{CFB870EF-CF84-4BB9-B96B-E39705210A4D}.Debug|Win32.Build.0 = Debug|Win32
		{CFB870EF-CF84-4BB9-B96B-E39705210A4D}.Debug|x64.ActiveCfg = Debug|x64
		{CFB870EF-CF84-4BB9-B96B-E39705210A4D}.Debug|x64.Build.0 = Debug|x64
		{CFB870EF-CF84-4BB9-B96B-E39705210A4D}.Release|Mixed Platforms.ActiveCfg = Release|Win32
		{CFB870EF-CF84-4BB9-B96B-E39705210A4D}.Release|Mixed Platforms.Build.0 = Release|Win32
		{CFB870EF-CF84-4BB9-B96B-E39705210A4D}.Release|Win32.ActiveCfg = Release|Win32
		{CFB870EF-CF84-4BB9-B96B-E39705210A4D}.Release|Win32.Build.0 = Release|Win32
		{CFB870EF-CF84-4BB9-B96B-E39705210A4D}.Release|x64.ActiveCfg = Release|x64
		{CFB870EF-CF84-4BB9-B96B-E39705210A4D}.Release|x64.Build.0 = Release|x64
		{4DF17030-2477-4B5C-A813-32B40A1FD87A}.Debug|Mixed Platforms.ActiveCfg = Debug|Win32
		{4DF17030-2477-4B5C-A813-32B40A1FD87A}.Debug|Mixed Platforms.Build.0 = Debug|Win32
		{4DF17030-2477-4B5C-A813-32B40A1FD87A}.Debug|Win32.ActiveCfg = Debug|Win32
		{4DF17030-2477-4B5C-A813-32B40A1FD87A}.Debug|Win32.Build.0 = Debug|Win32
		{4DF17030-2477-4B5C-A813-32B40A1FD87A}.Debug|x64.ActiveCfg = Debug|x64
		{4DF17030-2477-4B5C-A813-32B40A1FD87A}.Debug|x64.Build.0 = Debug|x64
		{4DF17030-2477-4B5C-A813-32B40A1FD87A}.Release|Mixed Platforms.ActiveCfg = Release|Win32
		{4DF17030-2477-4B5C-A813-32B40A1FD87A}.Release|Mixed Platforms.Build.0 = Release|Win32
		{4DF17030-2477-4B5C-A813-32B40A1FD87A}.Release|Win32.ActiveCfg = Release|Win32
		{4DF17030-2477-4B5C-A813-32B40A1FD87A}.Release|Win32.Build.0 = Release|Win32
		{4DF17030-2477-4B5C-A813-32B40A1FD87A}.Release|x64.ActiveCfg = Release|x64
		{4DF17030-2477-4B5C-A813-32B40A1FD87A}.Release|x64.Build.0 = Release|x64
		{8EB2D864-411D-4195-AC67-949D7CD8FC4E}.Debug|Mixed Platforms.ActiveCfg = Debug|Win32
		{8EB2D864-411D-4195-AC67-949D7CD8FC4E}.Debug|Mixed Platforms.Build.0 = Debug|Win32
		{8EB2D864-411D-4195-AC67-949D7CD8FC4E}.Debug|Win32.ActiveCfg = Debug|Win32
		{8EB2D864-411D-4195-AC67-949D7CD8FC4E}.Debug|Win32.Build.0 = Debug|Win32
		{8EB2D864-411D-4195-AC67-949D7CD8FC4E}.Debug|x64.ActiveCfg = Debug|x64
		{8EB2D864-411D-4195-AC67-949D7CD8FC4E}.Debug|x64.Build.0 = Debug|x64
		{8EB2D864-411D-4195-AC67-949D7CD8FC4E}.Release|Mixed Platforms.ActiveCfg = Release|Win32
		{8EB2D864-411D-4195-AC67-949D7CD8FC4E}.Release|Mixed Platforms.Build.0 = Release|Win32
		{8EB2D864-411D-4195-AC67-949D7CD8FC4E}.Release|Win32.ActiveCfg = Release|Win32
		{8EB2D864-411D-4195-AC67-949D7CD8FC4E}.Release|Win32.Build.0 = Release|Win32
		{8EB2D864-411D-4195-AC67-949D7CD8FC4E}.Release|x64.ActiveCfg = Release|x64
		{8EB2D864-411D-4195-AC67-949D7CD8FC4E}.Release|x64.Build.0 = Release|x64
		{4CFA923E-6BAB-490F-AEF0-98D4609045F8}.Debug|Mixed Platforms.ActiveCfg = Debug|Win32
		{4CFA923E-6BAB-490F-AEF0-98D4609045F8}.Debug|Mixed Platforms.Build.0 = Debug|Win32
		{4CFA923E-6BAB-490F-AEF0-98D4609045F8}.Debug|Win32.ActiveCfg = Debug|Win32
		{4CFA923E-6BAB-490F-AEF0-98D4609045F8}.Debug|Win32.Build.0 = Debug|Win32
		{4CFA923E-6BAB-490F-AEF0-98D4609045F8}.Debug|x64.ActiveCfg = Debug|x64
		{4CFA923E-6BAB-490F-AEF0-98D4609045F8}.Debug|x64.Build.0 = Debug|x64
		{4CFA923E-6BAB-490F-AEF0-98D4609045F8}.Release|Mixed Platforms.ActiveCfg = Release|Win32
		{4CFA923E-6BAB-490F-AEF0-98D4609045F8}.Release|Mixed Platforms.Build.0 = Release|Win32
		{4CFA923E-6BAB-490F-AEF0-98D4609045F8}.Release|Win32.ActiveCfg = Release|Win32
		{4CFA923E-6BAB-490F-AEF0-98D4609045F8}.Release|Win32.Build.0 = Release|Win32
		{4CFA923E-6BAB-490F-AEF0-98D4609045F8}.Release|x64.ActiveCfg = Release|x64
		{4CFA923E-6BAB-490F-AEF0-98D4609045F8}.Release|x64.Build.0 = Release|x64
		{72EE56A6-02F9-40C5-B63F-A72635518F32}.Debug|Mixed Platforms.ActiveCfg = Debug|Win32
		{72EE56A6-02F9-40C5-B63F-A72635518F32}.Debug|Mixed Platforms.Build.0 = Debug|Win32
		{72EE56A6-02F9-40C5-B63F-A72635518F32}.Debug|Win32.ActiveCfg = Debug|Win32
		{72EE56A6-02F9-40C5-B63F-A72635518F32}.Debug|Win32.Build.0 = Debug|Win32
		{72EE56A6-02F9-40C5-B63F-A72635518F32}.Debug|x64.ActiveCfg = Debug|x64
		{72EE56A6-02F9-40C5-B63F-A72635518F32}.Debug|x64.Build.0 = Debug|x64
		{72EE56A6-02F9-40C5-B63F-A72635518F32}.Release|Mixed Platforms.ActiveCfg = Release|Win32
		{72EE56A6-02F9-40C5-B63F-A72635518F32}.Release|Mixed Platforms.Build.0 = Release|Win32
		{72EE56A6-02F9-40C5-B63F-A72635518F32}.Release|Win32.ActiveCfg = Release|Win32
		{72EE56A6-02F9-40C5-B63F-A72635518F32}.Release|Win32.Build.0 = Release|Win32
		{72EE56A6-02F9-40C5-B63F-A72635518F32}.Release|x64.ActiveCfg = Release|x64
		{72EE56A6-02F9-40C5-B63F-A72635518F32}.Release|x64.Build.0 = Release|x64
		{7E2AC7E9-A579-4E40-9EA3-40BD9EF79B96}.Debug|Mixed Platforms.ActiveCfg = Debug|Win32
		{7E2AC7E9-A579-4E40-9EA3-40BD9EF79B96}.Debug|Mixed Platforms.Build.0 = Debug|Win32
		{7E2AC7E9-A579-4E40-9EA3-40BD9EF79B96}.Debug|Win32.ActiveCfg = Debug|Win32
		{7E2AC7E9-A579-4E40-9EA3-40BD9EF79B96}.Debug|Win32.Build.0 = Debug|Win32
		{7E2AC7E9-A579-4E40-9EA3-40BD9EF79B96}.Debug|x64.ActiveCfg = Debug|x64
		{7E2AC7E9-A579-4E40-9EA3-40BD9EF79B96}.Debug|x64.Build.0 = Debug|x64
		{7E2AC7E9-A579-4E40-9EA3-40BD9EF79B96}.Release|Mixed Platforms.ActiveCfg = Release|Win32
		{7E2AC7E9-A579-4E40-9EA3-40BD9EF79B96}.Release|Mixed Platforms.Build.0 = Release|Win32
		{7E2AC7E9-A579-4E40-9EA3-40BD9EF79B96}.Release|Win32.ActiveCfg = Release|Win32
		{7E2AC7E9-A579-4E40-9EA3-40BD9EF79B96}.Release|Win32.Build.0 = Release|Win32
		{7E2AC7E9-A579-4E40-9EA3-40BD9EF79B96}.Release|x64.ActiveCfg = Release|x64
		{7E2AC7E9-A579-4E40-9EA3-40BD9EF79B96}.Release|x64.Build.0 = Release|x64
		{C3B0B0C2-CF46-4876-B29E-CCF91DB3BEAE}.Debug|Mixed Platforms.ActiveCfg = Debug|Win32
		{C3B0B0C2-CF46-4876-B29E-CCF91DB3BEAE}.Debug|Mixed Platforms.Build.0 = Debug|Win32
		{C3B0B0C2-CF46-4876-B29E-CCF91DB3BEAE}.Debug|Win32.ActiveCfg = Debug|Win32
		{C3B0B0C2-CF46-4876-B29E-CCF91DB3BEAE}.Debug|Win32.Build.0 = Debug|Win32
		{C3B0B0C2-CF46-4876-B29E-CCF91DB3BEAE}.Debug|x64.ActiveCfg = Debug|x64
		{C3B0B0C2-CF46-4876-B29E-CCF91DB3BEAE}.Debug|x64.Build.0 = Debug|x64
		{C3B0B0C2-CF46-4876-B29E-CCF91DB3BEAE}.Release|Mixed Platforms.ActiveCfg = Release|Win32
		{C3B0B0C2-CF46-4876-B29E-CCF91DB3BEAE}.Release|Mixed Platforms.Build.0 = Release|Win32
		{C3B0B0C2-CF46-4876-B29E-CCF91DB3BEAE}.Release|Win32.ActiveCfg = Release|Win32
		{C3B0B0C2-CF46-4876-B29E-CCF91DB3BEAE}.Release|Win32.Build.0 = Release|Win32
		{C3B0B0C2-CF46-4876-B29E-CCF91DB3BEAE}.Release|x64.ActiveCfg = Release|x64
		{C3B0B0C2-CF46-4876-B29E-CCF91DB3BEAE}.Release|x64.Build.0 = Release|x64
		{2D5342EC-2A6D-43B3-B048-4BD61F8D4E57}.Debug|Mixed Platforms.ActiveCfg = Debug|Win32
		{2D5342EC-2A6D-43B3-B048-4BD61F8D4E57}.Debug|Mixed Platforms.Build.0 = Debug|Win32
		{2D5342EC-2A6D-43B3-B048-4BD61F8D4E57}.Debug|Win32.ActiveCfg = Debug|Win32
		{2D5342EC-2A6D-43B3-B048-4BD61F8D4E57}.Debug|Win32.Build.0 = Debug|Win32
		{2D5342EC-2A6D-43B3-B048-4BD61F8D4E57}.Debug|x64.ActiveCfg = Debug|x64
		{2D5342EC-2A6D-43B3-B048-4BD61F8D4E57}.Debug|x64.Build.0 = Debug|x64
		{2D5342EC-2A6D-43B3-B048-4BD61F8D4E57}.Release|Mixed Platforms.ActiveCfg = Release|Win32
		{2D5342EC-2A6D-43B3-B048-4BD61F8D4E57}.Release|Mixed Platforms.Build.0 = Release|Win32
		{2D5342EC-2A6D-43B3-B048-4BD61F8D4E57}.Release|Win32.ActiveCfg = Release|Win32
		{2D5342EC-2A6D-43B3-B048-4BD61F8D4E57}.Release|Win32.Build.0 = Release|Win32
		{2D5342EC-2A6D-43B3-B048-4BD61F8D4E57}.Release|x64.ActiveCfg = Release|x64
		{2D5342EC-2A6D-43B3-B048-4BD61F8D4E57}.Release|x64.Build.0 = Release|x64
	EndGlobalSection
	GlobalSection(SolutionProperties) = preSolution
		HideSolutionNode = FALSE
	EndGlobalSection
EndGlobal
